// !$*UTF8*$!
{
	archiveVersion = 1;
	classes = {
	};
	objectVersion = 46;
	objects = {

/* Begin PBXBuildFile section */
		A51C48B51B064ED90046CFA4 /* main.m in Sources */ = {isa = PBXBuildFile; fileRef = A51C48B41B064ED90046CFA4 /* main.m */; };
		A51C48B81B064ED90046CFA4 /* AppDelegate.m in Sources */ = {isa = PBXBuildFile; fileRef = A51C48B71B064ED90046CFA4 /* AppDelegate.m */; };
		A51C48BB1B064ED90046CFA4 /* StretchProblemFriMay15th2015.xcdatamodeld in Sources */ = {isa = PBXBuildFile; fileRef = A51C48B91B064ED90046CFA4 /* StretchProblemFriMay15th2015.xcdatamodeld */; };
		A51C48BE1B064ED90046CFA4 /* ViewController.m in Sources */ = {isa = PBXBuildFile; fileRef = A51C48BD1B064ED90046CFA4 /* ViewController.m */; };
		A51C48C11B064ED90046CFA4 /* Main.storyboard in Resources */ = {isa = PBXBuildFile; fileRef = A51C48BF1B064ED90046CFA4 /* Main.storyboard */; };
		A51C48C31B064ED90046CFA4 /* Images.xcassets in Resources */ = {isa = PBXBuildFile; fileRef = A51C48C21B064ED90046CFA4 /* Images.xcassets */; };
		A51C48C61B064ED90046CFA4 /* LaunchScreen.xib in Resources */ = {isa = PBXBuildFile; fileRef = A51C48C41B064ED90046CFA4 /* LaunchScreen.xib */; };
		A51C48D21B064ED90046CFA4 /* StretchProblemFriMay15th2015Tests.m in Sources */ = {isa = PBXBuildFile; fileRef = A51C48D11B064ED90046CFA4 /* StretchProblemFriMay15th2015Tests.m */; };
/* End PBXBuildFile section */

/* Begin PBXContainerItemProxy section */
		A51C48CC1B064ED90046CFA4 /* PBXContainerItemProxy */ = {
			isa = PBXContainerItemProxy;
			containerPortal = A51C48A71B064ED90046CFA4 /* Project object */;
			proxyType = 1;
			remoteGlobalIDString = A51C48AE1B064ED90046CFA4;
			remoteInfo = StretchProblemFriMay15th2015;
		};
/* End PBXContainerItemProxy section */

/* Begin PBXFileReference section */
		A51C48AF1B064ED90046CFA4 /* StretchProblemFriMay15th2015.app */ = {isa = PBXFileReference; explicitFileType = wrapper.application; includeInIndex = 0; path = StretchProblemFriMay15th2015.app; sourceTree = BUILT_PRODUCTS_DIR; };
		A51C48B31B064ED90046CFA4 /* Info.plist */ = {isa = PBXFileReference; lastKnownFileType = text.plist.xml; path = Info.plist; sourceTree = "<group>"; };
		A51C48B41B064ED90046CFA4 /* main.m */ = {isa = PBXFileReference; lastKnownFileType = sourcecode.c.objc; path = main.m; sourceTree = "<group>"; };
		A51C48B61B064ED90046CFA4 /* AppDelegate.h */ = {isa = PBXFileReference; lastKnownFileType = sourcecode.c.h; path = AppDelegate.h; sourceTree = "<group>"; };
		A51C48B71B064ED90046CFA4 /* AppDelegate.m */ = {isa = PBXFileReference; lastKnownFileType = sourcecode.c.objc; path = AppDelegate.m; sourceTree = "<group>"; };
		A51C48BA1B064ED90046CFA4 /* StretchProblemFriMay15th2015.xcdatamodel */ = {isa = PBXFileReference; lastKnownFileType = wrapper.xcdatamodel; path = StretchProblemFriMay15th2015.xcdatamodel; sourceTree = "<group>"; };
		A51C48BC1B064ED90046CFA4 /* ViewController.h */ = {isa = PBXFileReference; lastKnownFileType = sourcecode.c.h; path = ViewController.h; sourceTree = "<group>"; };
		A51C48BD1B064ED90046CFA4 /* ViewController.m */ = {isa = PBXFileReference; lastKnownFileType = sourcecode.c.objc; path = ViewController.m; sourceTree = "<group>"; };
		A51C48C01B064ED90046CFA4 /* Base */ = {isa = PBXFileReference; lastKnownFileType = file.storyboard; name = Base; path = Base.lproj/Main.storyboard; sourceTree = "<group>"; };
		A51C48C21B064ED90046CFA4 /* Images.xcassets */ = {isa = PBXFileReference; lastKnownFileType = folder.assetcatalog; path = Images.xcassets; sourceTree = "<group>"; };
		A51C48C51B064ED90046CFA4 /* Base */ = {isa = PBXFileReference; lastKnownFileType = file.xib; name = Base; path = Base.lproj/LaunchScreen.xib; sourceTree = "<group>"; };
		A51C48CB1B064ED90046CFA4 /* StretchProblemFriMay15th2015Tests.xctest */ = {isa = PBXFileReference; explicitFileType = wrapper.cfbundle; includeInIndex = 0; path = StretchProblemFriMay15th2015Tests.xctest; sourceTree = BUILT_PRODUCTS_DIR; };
		A51C48D01B064ED90046CFA4 /* Info.plist */ = {isa = PBXFileReference; lastKnownFileType = text.plist.xml; path = Info.plist; sourceTree = "<group>"; };
		A51C48D11B064ED90046CFA4 /* StretchProblemFriMay15th2015Tests.m */ = {isa = PBXFileReference; lastKnownFileType = sourcecode.c.objc; path = StretchProblemFriMay15th2015Tests.m; sourceTree = "<group>"; };
/* End PBXFileReference section */

/* Begin PBXFrameworksBuildPhase section */
		A51C48AC1B064ED90046CFA4 /* Frameworks */ = {
			isa = PBXFrameworksBuildPhase;
			buildActionMask = 2147483647;
			files = (
			);
			runOnlyForDeploymentPostprocessing = 0;
		};
		A51C48C81B064ED90046CFA4 /* Frameworks */ = {
			isa = PBXFrameworksBuildPhase;
			buildActionMask = 2147483647;
			files = (
			);
			runOnlyForDeploymentPostprocessing = 0;
		};
/* End PBXFrameworksBuildPhase section */

/* Begin PBXGroup section */
		A51C48A61B064ED90046CFA4 = {
			isa = PBXGroup;
			children = (
				A51C48B11B064ED90046CFA4 /* StretchProblemFriMay15th2015 */,
				A51C48CE1B064ED90046CFA4 /* StretchProblemFriMay15th2015Tests */,
				A51C48B01B064ED90046CFA4 /* Products */,
			);
			sourceTree = "<group>";
		};
		A51C48B01B064ED90046CFA4 /* Products */ = {
			isa = PBXGroup;
			children = (
				A51C48AF1B064ED90046CFA4 /* StretchProblemFriMay15th2015.app */,
				A51C48CB1B064ED90046CFA4 /* StretchProblemFriMay15th2015Tests.xctest */,
			);
			name = Products;
			sourceTree = "<group>";
		};
		A51C48B11B064ED90046CFA4 /* StretchProblemFriMay15th2015 */ = {
			isa = PBXGroup;
			children = (
				A51C48B61B064ED90046CFA4 /* AppDelegate.h */,
				A51C48B71B064ED90046CFA4 /* AppDelegate.m */,
				A51C48BC1B064ED90046CFA4 /* ViewController.h */,
				A51C48BD1B064ED90046CFA4 /* ViewController.m */,
				A51C48BF1B064ED90046CFA4 /* Main.storyboard */,
				A51C48C21B064ED90046CFA4 /* Images.xcassets */,
				A51C48C41B064ED90046CFA4 /* LaunchScreen.xib */,
				A51C48B91B064ED90046CFA4 /* StretchProblemFriMay15th2015.xcdatamodeld */,
				A51C48B21B064ED90046CFA4 /* Supporting Files */,
			);
			path = StretchProblemFriMay15th2015;
			sourceTree = "<group>";
		};
		A51C48B21B064ED90046CFA4 /* Supporting Files */ = {
			isa = PBXGroup;
			children = (
				A51C48B31B064ED90046CFA4 /* Info.plist */,
				A51C48B41B064ED90046CFA4 /* main.m */,
			);
			name = "Supporting Files";
			sourceTree = "<group>";
		};
		A51C48CE1B064ED90046CFA4 /* StretchProblemFriMay15th2015Tests */ = {
			isa = PBXGroup;
			children = (
				A51C48D11B064ED90046CFA4 /* StretchProblemFriMay15th2015Tests.m */,
				A51C48CF1B064ED90046CFA4 /* Supporting Files */,
			);
			path = StretchProblemFriMay15th2015Tests;
			sourceTree = "<group>";
		};
		A51C48CF1B064ED90046CFA4 /* Supporting Files */ = {
			isa = PBXGroup;
			children = (
				A51C48D01B064ED90046CFA4 /* Info.plist */,
			);
			name = "Supporting Files";
			sourceTree = "<group>";
		};
/* End PBXGroup section */

/* Begin PBXNativeTarget section */
		A51C48AE1B064ED90046CFA4 /* StretchProblemFriMay15th2015 */ = {
			isa = PBXNativeTarget;
			buildConfigurationList = A51C48D51B064ED90046CFA4 /* Build configuration list for PBXNativeTarget "StretchProblemFriMay15th2015" */;
			buildPhases = (
				A51C48AB1B064ED90046CFA4 /* Sources */,
				A51C48AC1B064ED90046CFA4 /* Frameworks */,
				A51C48AD1B064ED90046CFA4 /* Resources */,
			);
			buildRules = (
			);
			dependencies = (
			);
			name = StretchProblemFriMay15th2015;
			productName = StretchProblemFriMay15th2015;
			productReference = A51C48AF1B064ED90046CFA4 /* StretchProblemFriMay15th2015.app */;
			productType = "com.apple.product-type.application";
		};
		A51C48CA1B064ED90046CFA4 /* StretchProblemFriMay15th2015Tests */ = {
			isa = PBXNativeTarget;
			buildConfigurationList = A51C48D81B064ED90046CFA4 /* Build configuration list for PBXNativeTarget "StretchProblemFriMay15th2015Tests" */;
			buildPhases = (
				A51C48C71B064ED90046CFA4 /* Sources */,
				A51C48C81B064ED90046CFA4 /* Frameworks */,
				A51C48C91B064ED90046CFA4 /* Resources */,
			);
			buildRules = (
			);
			dependencies = (
				A51C48CD1B064ED90046CFA4 /* PBXTargetDependency */,
			);
			name = StretchProblemFriMay15th2015Tests;
			productName = StretchProblemFriMay15th2015Tests;
			productReference = A51C48CB1B064ED90046CFA4 /* StretchProblemFriMay15th2015Tests.xctest */;
			productType = "com.apple.product-type.bundle.unit-test";
		};
/* End PBXNativeTarget section */

/* Begin PBXProject section */
		A51C48A71B064ED90046CFA4 /* Project object */ = {
			isa = PBXProject;
			attributes = {
				LastUpgradeCheck = 0630;
				ORGANIZATIONNAME = DougsApps;
				TargetAttributes = {
					A51C48AE1B064ED90046CFA4 = {
						CreatedOnToolsVersion = 6.3;
					};
					A51C48CA1B064ED90046CFA4 = {
						CreatedOnToolsVersion = 6.3;
						TestTargetID = A51C48AE1B064ED90046CFA4;
					};
				};
			};
			buildConfigurationList = A51C48AA1B064ED90046CFA4 /* Build configuration list for PBXProject "StretchProblemFriMay15th2015" */;
			compatibilityVersion = "Xcode 3.2";
			developmentRegion = English;
			hasScannedForEncodings = 0;
			knownRegions = (
				en,
				Base,
			);
			mainGroup = A51C48A61B064ED90046CFA4;
			productRefGroup = A51C48B01B064ED90046CFA4 /* Products */;
			projectDirPath = "";
			projectRoot = "";
			targets = (
				A51C48AE1B064ED90046CFA4 /* StretchProblemFriMay15th2015 */,
				A51C48CA1B064ED90046CFA4 /* StretchProblemFriMay15th2015Tests */,
			);
		};
/* End PBXProject section */

/* Begin PBXResourcesBuildPhase section */
		A51C48AD1B064ED90046CFA4 /* Resources */ = {
			isa = PBXResourcesBuildPhase;
			buildActionMask = 2147483647;
			files = (
				A51C48C11B064ED90046CFA4 /* Main.storyboard in Resources */,
				A51C48C61B064ED90046CFA4 /* LaunchScreen.xib in Resources */,
				A51C48C31B064ED90046CFA4 /* Images.xcassets in Resources */,
			);
			runOnlyForDeploymentPostprocessing = 0;
		};
		A51C48C91B064ED90046CFA4 /* Resources */ = {
			isa = PBXResourcesBuildPhase;
			buildActionMask = 2147483647;
			files = (
			);
			runOnlyForDeploymentPostprocessing = 0;
		};
/* End PBXResourcesBuildPhase section */

/* Begin PBXSourcesBuildPhase section */
		A51C48AB1B064ED90046CFA4 /* Sources */ = {
			isa = PBXSourcesBuildPhase;
			buildActionMask = 2147483647;
			files = (
				A51C48BB1B064ED90046CFA4 /* StretchProblemFriMay15th2015.xcdatamodeld in Sources */,
				A51C48B81B064ED90046CFA4 /* AppDelegate.m in Sources */,
				A51C48BE1B064ED90046CFA4 /* ViewController.m in Sources */,
				A51C48B51B064ED90046CFA4 /* main.m in Sources */,
			);
			runOnlyForDeploymentPostprocessing = 0;
		};
		A51C48C71B064ED90046CFA4 /* Sources */ = {
			isa = PBXSourcesBuildPhase;
			buildActionMask = 2147483647;
			files = (
				A51C48D21B064ED90046CFA4 /* StretchProblemFriMay15th2015Tests.m in Sources */,
			);
			runOnlyForDeploymentPostprocessing = 0;
		};
/* End PBXSourcesBuildPhase section */

/* Begin PBXTargetDependency section */
		A51C48CD1B064ED90046CFA4 /* PBXTargetDependency */ = {
			isa = PBXTargetDependency;
			target = A51C48AE1B064ED90046CFA4 /* StretchProblemFriMay15th2015 */;
			targetProxy = A51C48CC1B064ED90046CFA4 /* PBXContainerItemProxy */;
		};
/* End PBXTargetDependency section */

/* Begin PBXVariantGroup section */
		A51C48BF1B064ED90046CFA4 /* Main.storyboard */ = {
			isa = PBXVariantGroup;
			children = (
				A51C48C01B064ED90046CFA4 /* Base */,
			);
			name = Main.storyboard;
			sourceTree = "<group>";
		};
		A51C48C41B064ED90046CFA4 /* LaunchScreen.xib */ = {
			isa = PBXVariantGroup;
			children = (
				A51C48C51B064ED90046CFA4 /* Base */,
			);
			name = LaunchScreen.xib;
			sourceTree = "<group>";
		};
/* End PBXVariantGroup section */

/* Begin XCBuildConfiguration section */
		A51C48D31B064ED90046CFA4 /* Debug */ = {
			isa = XCBuildConfiguration;
			buildSettings = {
				ALWAYS_SEARCH_USER_PATHS = NO;
				CLANG_CXX_LANGUAGE_STANDARD = "gnu++0x";
				CLANG_CXX_LIBRARY = "libc++";
				CLANG_ENABLE_MODULES = YES;
				CLANG_ENABLE_OBJC_ARC = YES;
				CLANG_WARN_BOOL_CONVERSION = YES;
				CLANG_WARN_CONSTANT_CONVERSION = YES;
				CLANG_WARN_DIRECT_OBJC_ISA_USAGE = YES_ERROR;
				CLANG_WARN_EMPTY_BODY = YES;
				CLANG_WARN_ENUM_CONVERSION = YES;
				CLANG_WARN_INT_CONVERSION = YES;
				CLANG_WARN_OBJC_ROOT_CLASS = YES_ERROR;
				CLANG_WARN_UNREACHABLE_CODE = YES;
				CLANG_WARN__DUPLICATE_METHOD_MATCH = YES;
				"CODE_SIGN_IDENTITY[sdk=iphoneos*]" = "iPhone Developer";
				COPY_PHASE_STRIP = NO;
				DEBUG_INFORMATION_FORMAT = "dwarf-with-dsym";
				ENABLE_STRICT_OBJC_MSGSEND = YES;
				GCC_C_LANGUAGE_STANDARD = gnu99;
				GCC_DYNAMIC_NO_PIC = NO;
				GCC_NO_COMMON_BLOCKS = YES;
				GCC_OPTIMIZATION_LEVEL = 0;
				GCC_PREPROCESSOR_DEFINITIONS = (
					"DEBUG=1",
					"$(inherited)",
				);
				GCC_SYMBOLS_PRIVATE_EXTERN = NO;
				GCC_WARN_64_TO_32_BIT_CONVERSION = YES;
				GCC_WARN_ABOUT_RETURN_TYPE = YES_ERROR;
				GCC_WARN_UNDECLARED_SELECTOR = YES;
				GCC_WARN_UNINITIALIZED_AUTOS = YES_AGGRESSIVE;
				GCC_WARN_UNUSED_FUNCTION = YES;
				GCC_WARN_UNUSED_VARIABLE = YES;
				IPHONEOS_DEPLOYMENT_TARGET = 8.3;
				MTL_ENABLE_DEBUG_INFO = YES;
				ONLY_ACTIVE_ARCH = YES;
				SDKROOT = iphoneos;
				TARGETED_DEVICE_FAMILY = "1,2";
			};
			name = Debug;
		};
		A51C48D41B064ED90046CFA4 /* Release */ = {
			isa = XCBuildConfiguration;
			buildSettings = {
				ALWAYS_SEARCH_USER_PATHS = NO;
				CLANG_CXX_LANGUAGE_STANDARD = "gnu++0x";
				CLANG_CXX_LIBRARY = "libc++";
				CLANG_ENABLE_MODULES = YES;
				CLANG_ENABLE_OBJC_ARC = YES;
				CLANG_WARN_BOOL_CONVERSION = YES;
				CLANG_WARN_CONSTANT_CONVERSION = YES;
				CLANG_WARN_DIRECT_OBJC_ISA_USAGE = YES_ERROR;
				CLANG_WARN_EMPTY_BODY = YES;
				CLANG_WARN_ENUM_CONVERSION = YES;
				CLANG_WARN_INT_CONVERSION = YES;
				CLANG_WARN_OBJC_ROOT_CLASS = YES_ERROR;
				CLANG_WARN_UNREACHABLE_CODE = YES;
				CLANG_WARN__DUPLICATE_METHOD_MATCH = YES;
				"CODE_SIGN_IDENTITY[sdk=iphoneos*]" = "iPhone Developer";
				COPY_PHASE_STRIP = NO;
				DEBUG_INFORMATION_FORMAT = "dwarf-with-dsym";
				ENABLE_NS_ASSERTIONS = NO;
				ENABLE_STRICT_OBJC_MSGSEND = YES;
				GCC_C_LANGUAGE_STANDARD = gnu99;
				GCC_NO_COMMON_BLOCKS = YES;
				GCC_WARN_64_TO_32_BIT_CONVERSION = YES;
				GCC_WARN_ABOUT_RETURN_TYPE = YES_ERROR;
				GCC_WARN_UNDECLARED_SELECTOR = YES;
				GCC_WARN_UNINITIALIZED_AUTOS = YES_AGGRESSIVE;
				GCC_WARN_UNUSED_FUNCTION = YES;
				GCC_WARN_UNUSED_VARIABLE = YES;
				IPHONEOS_DEPLOYMENT_TARGET = 8.3;
				MTL_ENABLE_DEBUG_INFO = NO;
				SDKROOT = iphoneos;
				TARGETED_DEVICE_FAMILY = "1,2";
				VALIDATE_PRODUCT = YES;
			};
			name = Release;
		};
		A51C48D61B064ED90046CFA4 /* Debug */ = {
			isa = XCBuildConfiguration;
			buildSettings = {
				ASSETCATALOG_COMPILER_APPICON_NAME = AppIcon;
				INFOPLIST_FILE = StretchProblemFriMay15th2015/Info.plist;
				LD_RUNPATH_SEARCH_PATHS = "$(inherited) @executable_path/Frameworks";
				PRODUCT_NAME = "$(TARGET_NAME)";
			};
			name = Debug;
		};
		A51C48D71B064ED90046CFA4 /* Release */ = {
			isa = XCBuildConfiguration;
			buildSettings = {
				ASSETCATALOG_COMPILER_APPICON_NAME = AppIcon;
				INFOPLIST_FILE = StretchProblemFriMay15th2015/Info.plist;
				LD_RUNPATH_SEARCH_PATHS = "$(inherited) @executable_path/Frameworks";
				PRODUCT_NAME = "$(TARGET_NAME)";
			};
			name = Release;
		};
		A51C48D91B064ED90046CFA4 /* Debug */ = {
			isa = XCBuildConfiguration;
			buildSettings = {
				BUNDLE_LOADER = "$(TEST_HOST)";
				FRAMEWORK_SEARCH_PATHS = (
					"$(SDKROOT)/Developer/Library/Frameworks",
					"$(inherited)",
				);
				GCC_PREPROCESSOR_DEFINITIONS = (
					"DEBUG=1",
					"$(inherited)",
				);
				INFOPLIST_FILE = StretchProblemFriMay15th2015Tests/Info.plist;
				LD_RUNPATH_SEARCH_PATHS = "$(inherited) @executable_path/Frameworks @loader_path/Frameworks";
				PRODUCT_NAME = "$(TARGET_NAME)";
				TEST_HOST = "$(BUILT_PRODUCTS_DIR)/StretchProblemFriMay15th2015.app/StretchProblemFriMay15th2015";
			};
			name = Debug;
		};
		A51C48DA1B064ED90046CFA4 /* Release */ = {
			isa = XCBuildConfiguration;
			buildSettings = {
				BUNDLE_LOADER = "$(TEST_HOST)";
				FRAMEWORK_SEARCH_PATHS = (
					"$(SDKROOT)/Developer/Library/Frameworks",
					"$(inherited)",
				);
				INFOPLIST_FILE = StretchProblemFriMay15th2015Tests/Info.plist;
				LD_RUNPATH_SEARCH_PATHS = "$(inherited) @executable_path/Frameworks @loader_path/Frameworks";
				PRODUCT_NAME = "$(TARGET_NAME)";
				TEST_HOST = "$(BUILT_PRODUCTS_DIR)/StretchProblemFriMay15th2015.app/StretchProblemFriMay15th2015";
			};
			name = Release;
		};
/* End XCBuildConfiguration section */

/* Begin XCConfigurationList section */
		A51C48AA1B064ED90046CFA4 /* Build configuration list for PBXProject "StretchProblemFriMay15th2015" */ = {
			isa = XCConfigurationList;
			buildConfigurations = (
				A51C48D31B064ED90046CFA4 /* Debug */,
				A51C48D41B064ED90046CFA4 /* Release */,
			);
			defaultConfigurationIsVisible = 0;
			defaultConfigurationName = Release;
		};
		A51C48D51B064ED90046CFA4 /* Build configuration list for PBXNativeTarget "StretchProblemFriMay15th2015" */ = {
			isa = XCConfigurationList;
			buildConfigurations = (
				A51C48D61B064ED90046CFA4 /* Debug */,
				A51C48D71B064ED90046CFA4 /* Release */,
			);
			defaultConfigurationIsVisible = 0;
		};
		A51C48D81B064ED90046CFA4 /* Build configuration list for PBXNativeTarget "StretchProblemFriMay15th2015Tests" */ = {
			isa = XCConfigurationList;
			buildConfigurations = (
				A51C48D91B064ED90046CFA4 /* Debug */,
				A51C48DA1B064ED90046CFA4 /* Release */,
			);
			defaultConfigurationIsVisible = 0;
		};
/* End XCConfigurationList section */

/* Begin XCVersionGroup section */
		A51C48B91B064ED90046CFA4 /* StretchProblemFriMay15th2015.xcdatamodeld */ = {
			isa = XCVersionGroup;
			children = (
				A51C48BA1B064ED90046CFA4 /* StretchProblemFriMay15th2015.xcdatamodel */,
			);
			currentVersion = A51C48BA1B064ED90046CFA4 /* StretchProblemFriMay15th2015.xcdatamodel */;
			path = StretchProblemFriMay15th2015.xcdatamodeld;
			sourceTree = "<group>";
			versionGroupType = wrapper.xcdatamodel;
		};
/* End XCVersionGroup section */
	};
	rootObject = A51C48A71B064ED90046CFA4 /* Project object */;
}
